
Microsoft Visual Studio Solution File, Format Version 11.00
# Visual Studio 2010
Project("{FAE04EC0-301F-11D3-BF4B-00C04F79EFBC}") = "OverAchiever.Web", "Main\OverAchiever.Web\OverAchiever.Web.csproj", "{2E33E350-2ECA-4E8F-898B-232BAA5FBE58}"
EndProject
Project("{FAE04EC0-301F-11D3-BF4B-00C04F79EFBC}") = "OverAchiever.Core", "Main\OverAchiever.Core\OverAchiever.Core.csproj", "{CB1CDCF7-D429-429C-8273-2EA7B31C79BE}"
EndProject
Project("{FAE04EC0-301F-11D3-BF4B-00C04F79EFBC}") = "OverAchiever.Infrastructure", "Main\OverAchiever.Infrastructure\OverAchiever.Infrastructure.csproj", "{6381ED3B-C7E4-4E51-B958-86EA6F96D1CA}"
EndProject
Project("{FAE04EC0-301F-11D3-BF4B-00C04F79EFBC}") = "OverAchiever.Domain", "Main\OverAchiever.Domain\OverAchiever.Domain.csproj", "{5344FA4F-4FA1-4CD0-8FB7-FC69F47243D3}"
EndProject
Project("{2150E333-8FDC-42A3-9474-1A3956D46DE8}") = "Shared", "Shared", "{ED01A20B-5039-42AA-98E5-BB9BA8CD5A89}"
	ProjectSection(SolutionItems) = preProject
		Main\GlobalAssemblyInfo.cs = Main\GlobalAssemblyInfo.cs
	EndProjectSection
EndProject
Project("{2150E333-8FDC-42A3-9474-1A3956D46DE8}") = "Build", "Build", "{AE5E6260-9302-4D09-A10C-93DFA1A6C4D0}"
	ProjectSection(SolutionItems) = preProject
		rakefile.rb = rakefile.rb
	EndProjectSection
EndProject
Project("{2150E333-8FDC-42A3-9474-1A3956D46DE8}") = "Tasks", "Tasks", "{0AC006B7-4184-4D69-8DB4-359F66DA2D19}"
	ProjectSection(SolutionItems) = preProject
		tasks\build.rake = tasks\build.rake
		tasks\metadata.rake = tasks\metadata.rake
		tasks\nuget.rake = tasks\nuget.rake
		tasks\project.rb = tasks\project.rb
		tasks\utils.rake = tasks\utils.rake
	EndProjectSection
EndProject
Project("{FAE04EC0-301F-11D3-BF4B-00C04F79EFBC}") = "DevilleSolutions.Commons.Proxies", "Framework\DevilleSolutions.Commons.Proxies\DevilleSolutions.Commons.Proxies.csproj", "{EDE04205-5388-4DE0-997B-DB9B4EC8CA7D}"
EndProject
Project("{2150E333-8FDC-42A3-9474-1A3956D46DE8}") = "Framework", "Framework", "{6D064338-D560-4DF3-AA33-5FB9238E58AB}"
EndProject
Project("{FAE04EC0-301F-11D3-BF4B-00C04F79EFBC}") = "DevilleSolutions.Commons", "Framework\DevilleSolutions.Commons\DevilleSolutions.Commons.csproj", "{81BADA43-F747-456B-B795-606053702989}"
EndProject
Project("{FAE04EC0-301F-11D3-BF4B-00C04F79EFBC}") = "DevilleSolutions.Commons.MVC.Windsor", "Framework\DevilleSolutions.Commons.MVC.Windsor\DevilleSolutions.Commons.MVC.Windsor.csproj", "{2C34548F-89BF-4CDE-A178-D689EA214556}"
EndProject
Project("{FAE04EC0-301F-11D3-BF4B-00C04F79EFBC}") = "OverAchiever.Data", "Main\OverAchiever.Data\OverAchiever.Data.csproj", "{EB84732C-1692-43F2-A61D-B3187BB7FCE7}"
EndProject
Project("{FAE04EC0-301F-11D3-BF4B-00C04F79EFBC}") = "OverAchiever.Services", "Services\OverAchiever.Services\OverAchiever.Services.csproj", "{87C14B2A-2EF5-4783-A2C9-A3D7E9A6268C}"
EndProject
Global
	GlobalSection(SolutionConfigurationPlatforms) = preSolution
		Debug|Any CPU = Debug|Any CPU
		Release|Any CPU = Release|Any CPU
	EndGlobalSection
	GlobalSection(ProjectConfigurationPlatforms) = postSolution
		{2E33E350-2ECA-4E8F-898B-232BAA5FBE58}.Debug|Any CPU.ActiveCfg = Debug|Any CPU
		{2E33E350-2ECA-4E8F-898B-232BAA5FBE58}.Debug|Any CPU.Build.0 = Debug|Any CPU
		{2E33E350-2ECA-4E8F-898B-232BAA5FBE58}.Release|Any CPU.ActiveCfg = Release|Any CPU
		{2E33E350-2ECA-4E8F-898B-232BAA5FBE58}.Release|Any CPU.Build.0 = Release|Any CPU
		{CB1CDCF7-D429-429C-8273-2EA7B31C79BE}.Debug|Any CPU.ActiveCfg = Debug|Any CPU
		{CB1CDCF7-D429-429C-8273-2EA7B31C79BE}.Debug|Any CPU.Build.0 = Debug|Any CPU
		{CB1CDCF7-D429-429C-8273-2EA7B31C79BE}.Release|Any CPU.ActiveCfg = Release|Any CPU
		{CB1CDCF7-D429-429C-8273-2EA7B31C79BE}.Release|Any CPU.Build.0 = Release|Any CPU
		{6381ED3B-C7E4-4E51-B958-86EA6F96D1CA}.Debug|Any CPU.ActiveCfg = Debug|Any CPU
		{6381ED3B-C7E4-4E51-B958-86EA6F96D1CA}.Debug|Any CPU.Build.0 = Debug|Any CPU
		{6381ED3B-C7E4-4E51-B958-86EA6F96D1CA}.Release|Any CPU.ActiveCfg = Release|Any CPU
		{6381ED3B-C7E4-4E51-B958-86EA6F96D1CA}.Release|Any CPU.Build.0 = Release|Any CPU
		{5344FA4F-4FA1-4CD0-8FB7-FC69F47243D3}.Debug|Any CPU.ActiveCfg = Debug|Any CPU
		{5344FA4F-4FA1-4CD0-8FB7-FC69F47243D3}.Debug|Any CPU.Build.0 = Debug|Any CPU
		{5344FA4F-4FA1-4CD0-8FB7-FC69F47243D3}.Release|Any CPU.ActiveCfg = Release|Any CPU
		{5344FA4F-4FA1-4CD0-8FB7-FC69F47243D3}.Release|Any CPU.Build.0 = Release|Any CPU
		{EDE04205-5388-4DE0-997B-DB9B4EC8CA7D}.Debug|Any CPU.ActiveCfg = Debug|Any CPU
		{EDE04205-5388-4DE0-997B-DB9B4EC8CA7D}.Debug|Any CPU.Build.0 = Debug|Any CPU
		{EDE04205-5388-4DE0-997B-DB9B4EC8CA7D}.Release|Any CPU.ActiveCfg = Release|Any CPU
		{EDE04205-5388-4DE0-997B-DB9B4EC8CA7D}.Release|Any CPU.Build.0 = Release|Any CPU
		{81BADA43-F747-456B-B795-606053702989}.Debug|Any CPU.ActiveCfg = Debug|Any CPU
		{81BADA43-F747-456B-B795-606053702989}.Debug|Any CPU.Build.0 = Debug|Any CPU
		{81BADA43-F747-456B-B795-606053702989}.Release|Any CPU.ActiveCfg = Release|Any CPU
		{81BADA43-F747-456B-B795-606053702989}.Release|Any CPU.Build.0 = Release|Any CPU
		{2C34548F-89BF-4CDE-A178-D689EA214556}.Debug|Any CPU.ActiveCfg = Debug|Any CPU
		{2C34548F-89BF-4CDE-A178-D689EA214556}.Debug|Any CPU.Build.0 = Debug|Any CPU
		{2C34548F-89BF-4CDE-A178-D689EA214556}.Release|Any CPU.ActiveCfg = Release|Any CPU
		{2C34548F-89BF-4CDE-A178-D689EA214556}.Release|Any CPU.Build.0 = Release|Any CPU
		{EB84732C-1692-43F2-A61D-B3187BB7FCE7}.Debug|Any CPU.ActiveCfg = Debug|Any CPU
		{EB84732C-1692-43F2-A61D-B3187BB7FCE7}.Debug|Any CPU.Build.0 = Debug|Any CPU
		{EB84732C-1692-43F2-A61D-B3187BB7FCE7}.Release|Any CPU.ActiveCfg = Release|Any CPU
		{EB84732C-1692-43F2-A61D-B3187BB7FCE7}.Release|Any CPU.Build.0 = Release|Any CPU
		{87C14B2A-2EF5-4783-A2C9-A3D7E9A6268C}.Debug|Any CPU.ActiveCfg = Debug|Any CPU
		{87C14B2A-2EF5-4783-A2C9-A3D7E9A6268C}.Debug|Any CPU.Build.0 = Debug|Any CPU
		{87C14B2A-2EF5-4783-A2C9-A3D7E9A6268C}.Release|Any CPU.ActiveCfg = Release|Any CPU
		{87C14B2A-2EF5-4783-A2C9-A3D7E9A6268C}.Release|Any CPU.Build.0 = Release|Any CPU
	EndGlobalSection
	GlobalSection(SolutionProperties) = preSolution
		HideSolutionNode = FALSE
	EndGlobalSection
	GlobalSection(NestedProjects) = preSolution
		{0AC006B7-4184-4D69-8DB4-359F66DA2D19} = {AE5E6260-9302-4D09-A10C-93DFA1A6C4D0}
		{EDE04205-5388-4DE0-997B-DB9B4EC8CA7D} = {6D064338-D560-4DF3-AA33-5FB9238E58AB}
		{81BADA43-F747-456B-B795-606053702989} = {6D064338-D560-4DF3-AA33-5FB9238E58AB}
		{2C34548F-89BF-4CDE-A178-D689EA214556} = {6D064338-D560-4DF3-AA33-5FB9238E58AB}
	EndGlobalSection
EndGlobal
